
Microsoft Visual Studio Solution File, Format Version 12.00
# Visual Studio Version 16
VisualStudioVersion = 16.0.31112.23
MinimumVisualStudioVersion = 10.0.40219.1
Project("{9A19103F-16F7-4668-BE54-9A1E7A4F7556}") = "COF.Domain", "COF.Domain\COF.Domain.csproj", "{5FE410DD-9FD5-4E75-8417-8CB0E940F9CC}"
EndProject
Project("{9A19103F-16F7-4668-BE54-9A1E7A4F7556}") = "COF.Infra.CrossCutting", "COF.Infra.CrossCutting\COF.Infra.CrossCutting.csproj", "{9C2590B3-D2D7-4778-AFB1-71420245AE51}"
EndProject
Project("{9A19103F-16F7-4668-BE54-9A1E7A4F7556}") = "COF.Infra.Shared", "COF.Infra.Shared\COF.Infra.Shared.csproj", "{7CD4DF09-985D-4458-A882-46E0F4EBC567}"
EndProject
Project("{9A19103F-16F7-4668-BE54-9A1E7A4F7556}") = "COF.Service", "COF.Service\COF.Service.csproj", "{5BFF7E11-92D2-4853-BB70-7071D465B1B4}"
EndProject
Project("{9A19103F-16F7-4668-BE54-9A1E7A4F7556}") = "COF.Application", "COF.Application\COF.Application.csproj", "{2828D0EB-E8E8-4DCD-B23D-442406280A3B}"
EndProject
Project("{9A19103F-16F7-4668-BE54-9A1E7A4F7556}") = "COF.Infra.Data", "COF.Infra.Data\COF.Infra.Data.csproj", "{320E2E4D-DEA5-4A23-9C8B-88CEECEECF65}"
EndProject
Project("{FAE04EC0-301F-11D3-BF4B-00C04F79EFBC}") = "COF.Service.Test", "COF.Service.Test\COF.Service.Test.csproj", "{4FAD420D-2E46-49DD-8D66-0AA985618646}"
EndProject
Global
	GlobalSection(SolutionConfigurationPlatforms) = preSolution
		Debug|Any CPU = Debug|Any CPU
		Release|Any CPU = Release|Any CPU
	EndGlobalSection
	GlobalSection(ProjectConfigurationPlatforms) = postSolution
		{5FE410DD-9FD5-4E75-8417-8CB0E940F9CC}.Debug|Any CPU.ActiveCfg = Debug|Any CPU
		{5FE410DD-9FD5-4E75-8417-8CB0E940F9CC}.Debug|Any CPU.Build.0 = Debug|Any CPU
		{5FE410DD-9FD5-4E75-8417-8CB0E940F9CC}.Release|Any CPU.ActiveCfg = Release|Any CPU
		{5FE410DD-9FD5-4E75-8417-8CB0E940F9CC}.Release|Any CPU.Build.0 = Release|Any CPU
		{9C2590B3-D2D7-4778-AFB1-71420245AE51}.Debug|Any CPU.ActiveCfg = Debug|Any CPU
		{9C2590B3-D2D7-4778-AFB1-71420245AE51}.Debug|Any CPU.Build.0 = Debug|Any CPU
		{9C2590B3-D2D7-4778-AFB1-71420245AE51}.Release|Any CPU.ActiveCfg = Release|Any CPU
		{9C2590B3-D2D7-4778-AFB1-71420245AE51}.Release|Any CPU.Build.0 = Release|Any CPU
		{7CD4DF09-985D-4458-A882-46E0F4EBC567}.Debug|Any CPU.ActiveCfg = Debug|Any CPU
		{7CD4DF09-985D-4458-A882-46E0F4EBC567}.Debug|Any CPU.Build.0 = Debug|Any CPU
		{7CD4DF09-985D-4458-A882-46E0F4EBC567}.Release|Any CPU.ActiveCfg = Release|Any CPU
		{7CD4DF09-985D-4458-A882-46E0F4EBC567}.Release|Any CPU.Build.0 = Release|Any CPU
		{5BFF7E11-92D2-4853-BB70-7071D465B1B4}.Debug|Any CPU.ActiveCfg = Debug|Any CPU
		{5BFF7E11-92D2-4853-BB70-7071D465B1B4}.Debug|Any CPU.Build.0 = Debug|Any CPU
		{5BFF7E11-92D2-4853-BB70-7071D465B1B4}.Release|Any CPU.ActiveCfg = Release|Any CPU
		{5BFF7E11-92D2-4853-BB70-7071D465B1B4}.Release|Any CPU.Build.0 = Release|Any CPU
		{2828D0EB-E8E8-4DCD-B23D-442406280A3B}.Debug|Any CPU.ActiveCfg = Debug|Any CPU
		{2828D0EB-E8E8-4DCD-B23D-442406280A3B}.Debug|Any CPU.Build.0 = Debug|Any CPU
		{2828D0EB-E8E8-4DCD-B23D-442406280A3B}.Release|Any CPU.ActiveCfg = Release|Any CPU
		{2828D0EB-E8E8-4DCD-B23D-442406280A3B}.Release|Any CPU.Build.0 = Release|Any CPU
		{320E2E4D-DEA5-4A23-9C8B-88CEECEECF65}.Debug|Any CPU.ActiveCfg = Debug|Any CPU
		{320E2E4D-DEA5-4A23-9C8B-88CEECEECF65}.Debug|Any CPU.Build.0 = Debug|Any CPU
		{320E2E4D-DEA5-4A23-9C8B-88CEECEECF65}.Release|Any CPU.ActiveCfg = Release|Any CPU
		{320E2E4D-DEA5-4A23-9C8B-88CEECEECF65}.Release|Any CPU.Build.0 = Release|Any CPU
		{4FAD420D-2E46-49DD-8D66-0AA985618646}.Debug|Any CPU.ActiveCfg = Debug|Any CPU
		{4FAD420D-2E46-49DD-8D66-0AA985618646}.Debug|Any CPU.Build.0 = Debug|Any CPU
		{4FAD420D-2E46-49DD-8D66-0AA985618646}.Release|Any CPU.ActiveCfg = Release|Any CPU
		{4FAD420D-2E46-49DD-8D66-0AA985618646}.Release|Any CPU.Build.0 = Release|Any CPU
	EndGlobalSection
	GlobalSection(SolutionProperties) = preSolution
		HideSolutionNode = FALSE
	EndGlobalSection
	GlobalSection(ExtensibilityGlobals) = postSolution
		SolutionGuid = {06112880-C944-4DB1-83BE-CE949CE65648}
	EndGlobalSection
EndGlobal
